
Microsoft Visual Studio Solution File, Format Version 12.00
# Visual Studio Version 16
VisualStudioVersion = 16.0.29709.97
MinimumVisualStudioVersion = 10.0.40219.1
Project("{FAE04EC0-301F-11D3-BF4B-00C04F79EFBC}") = "UsingReflection", "UsingReflection\UsingReflection.csproj", "{59D09504-B7BC-41B2-8338-F43F2D874236}"
EndProject
Global
	GlobalSection(SolutionConfigurationPlatforms) = preSolution
		Debug|Any CPU = Debug|Any CPU
		Release|Any CPU = Release|Any CPU
	EndGlobalSection
	GlobalSection(ProjectConfigurationPlatforms) = postSolution
		{59D09504-B7BC-41B2-8338-F43F2D874236}.Debug|Any CPU.ActiveCfg = Debug|Any CPU
		{59D09504-B7BC-41B2-8338-F43F2D874236}.Debug|Any CPU.Build.0 = Debug|Any CPU
		{59D09504-B7BC-41B2-8338-F43F2D874236}.Release|Any CPU.ActiveCfg = Release|Any CPU
		{59D09504-B7BC-41B2-8338-F43F2D874236}.Release|Any CPU.Build.0 = Release|Any CPU
	EndGlobalSection
	GlobalSection(SolutionProperties) = preSolution
		HideSolutionNode = FALSE
	EndGlobalSection
	GlobalSection(ExtensibilityGlobals) = postSolution
		SolutionGuid = {196F3986-7A2B-4B94-93E1-F887622B0BC6}
	EndGlobalSection
EndGlobal
